// !$*UTF8*$!
{
	archiveVersion = 1;
	classes = {
	};
	objectVersion = 55;
	objects = {

/* Begin PBXBuildFile section */
		BF6FCC5B292690F90082FB15 /* ItemModel.swift in Sources */ = {isa = PBXBuildFile; fileRef = BF6FCC5A292690F90082FB15 /* ItemModel.swift */; };
		BF6FCC5E29269A3D0082FB15 /* FireBaseError.swift in Sources */ = {isa = PBXBuildFile; fileRef = BF6FCC5D29269A3D0082FB15 /* FireBaseError.swift */; };
		BF99B512272A851100242D60 /* FirebaseFirestore in Frameworks */ = {isa = PBXBuildFile; productRef = BF99B511272A851100242D60 /* FirebaseFirestore */; };
		BF99B56D272A939F00242D60 /* GoogleService-Info.plist in Resources */ = {isa = PBXBuildFile; fileRef = BF99B56C272A939F00242D60 /* GoogleService-Info.plist */; };
		BFE0E1152727CB77009FC108 /* TVLCheckerApp.swift in Sources */ = {isa = PBXBuildFile; fileRef = BFE0E1142727CB77009FC108 /* TVLCheckerApp.swift */; };
		BFE0E1172727CB77009FC108 /* ContentView.swift in Sources */ = {isa = PBXBuildFile; fileRef = BFE0E1162727CB77009FC108 /* ContentView.swift */; };
		BFE0E1192727CB78009FC108 /* Assets.xcassets in Resources */ = {isa = PBXBuildFile; fileRef = BFE0E1182727CB78009FC108 /* Assets.xcassets */; };
		BFE0E11C2727CB78009FC108 /* Preview Assets.xcassets in Resources */ = {isa = PBXBuildFile; fileRef = BFE0E11B2727CB78009FC108 /* Preview Assets.xcassets */; };
/* End PBXBuildFile section */

/* Begin PBXFileReference section */
		BF6FCC5A292690F90082FB15 /* ItemModel.swift */ = {isa = PBXFileReference; lastKnownFileType = sourcecode.swift; path = ItemModel.swift; sourceTree = "<group>"; };
		BF6FCC5D29269A3D0082FB15 /* FireBaseError.swift */ = {isa = PBXFileReference; lastKnownFileType = sourcecode.swift; path = FireBaseError.swift; sourceTree = "<group>"; };
		BF99B56C272A939F00242D60 /* GoogleService-Info.plist */ = {isa = PBXFileReference; fileEncoding = 4; lastKnownFileType = text.plist.xml; path = "GoogleService-Info.plist"; sourceTree = "<group>"; };
		BFE0E1112727CB77009FC108 /* TVLChecker.app */ = {isa = PBXFileReference; explicitFileType = wrapper.application; includeInIndex = 0; path = TVLChecker.app; sourceTree = BUILT_PRODUCTS_DIR; };
		BFE0E1142727CB77009FC108 /* TVLCheckerApp.swift */ = {isa = PBXFileReference; lastKnownFileType = sourcecode.swift; path = TVLCheckerApp.swift; sourceTree = "<group>"; };
		BFE0E1162727CB77009FC108 /* ContentView.swift */ = {isa = PBXFileReference; lastKnownFileType = sourcecode.swift; path = ContentView.swift; sourceTree = "<group>"; };
		BFE0E1182727CB78009FC108 /* Assets.xcassets */ = {isa = PBXFileReference; lastKnownFileType = folder.assetcatalog; path = Assets.xcassets; sourceTree = "<group>"; };
		BFE0E11B2727CB78009FC108 /* Preview Assets.xcassets */ = {isa = PBXFileReference; lastKnownFileType = folder.assetcatalog; path = "Preview Assets.xcassets"; sourceTree = "<group>"; };
/* End PBXFileReference section */

/* Begin PBXFrameworksBuildPhase section */
		BFE0E10E2727CB77009FC108 /* Frameworks */ = {
			isa = PBXFrameworksBuildPhase;
			buildActionMask = 2147483647;
			files = (
				BF99B512272A851100242D60 /* FirebaseFirestore in Frameworks */,
			);
			runOnlyForDeploymentPostprocessing = 0;
		};
/* End PBXFrameworksBuildPhase section */

/* Begin PBXGroup section */
		BF6FCC59292690850082FB15 /* Models */ = {
			isa = PBXGroup;
			children = (
				BF6FCC5A292690F90082FB15 /* ItemModel.swift */,
			);
			path = Models;
			sourceTree = "<group>";
		};
		BF6FCC5C29269A280082FB15 /* Errors */ = {
			isa = PBXGroup;
			children = (
				BF6FCC5D29269A3D0082FB15 /* FireBaseError.swift */,
			);
			path = Errors;
			sourceTree = "<group>";
		};
		BF99B515272A85DF00242D60 /* Resources */ = {
			isa = PBXGroup;
			children = (
				BFE0E1182727CB78009FC108 /* Assets.xcassets */,
				BF99B56C272A939F00242D60 /* GoogleService-Info.plist */,
				BFE0E11A2727CB78009FC108 /* Preview Content */,
			);
			path = Resources;
			sourceTree = "<group>";
		};
		BF99B547272A8A1800242D60 /* System */ = {
			isa = PBXGroup;
			children = (
				BFE0E1142727CB77009FC108 /* TVLCheckerApp.swift */,
			);
			path = System;
			sourceTree = "<group>";
		};
		BFD946682729AC3A00D3E6B3 /* Screens */ = {
			isa = PBXGroup;
			children = (
				BFE0E1162727CB77009FC108 /* ContentView.swift */,
			);
			path = Screens;
			sourceTree = "<group>";
		};
		BFE0E1082727CB76009FC108 = {
			isa = PBXGroup;
			children = (
				BFE0E1132727CB77009FC108 /* TVLChecker */,
				BFE0E1122727CB77009FC108 /* Products */,
			);
			sourceTree = "<group>";
		};
		BFE0E1122727CB77009FC108 /* Products */ = {
			isa = PBXGroup;
			children = (
				BFE0E1112727CB77009FC108 /* TVLChecker.app */,
			);
			name = Products;
			sourceTree = "<group>";
		};
		BFE0E1132727CB77009FC108 /* TVLChecker */ = {
			isa = PBXGroup;
			children = (
				BF6FCC5C29269A280082FB15 /* Errors */,
				BF6FCC59292690850082FB15 /* Models */,
				BF99B515272A85DF00242D60 /* Resources */,
				BFD946682729AC3A00D3E6B3 /* Screens */,
				BF99B547272A8A1800242D60 /* System */,
			);
			path = TVLChecker;
			sourceTree = "<group>";
		};
		BFE0E11A2727CB78009FC108 /* Preview Content */ = {
			isa = PBXGroup;
			children = (
				BFE0E11B2727CB78009FC108 /* Preview Assets.xcassets */,
			);
			name = "Preview Content";
			path = "../Preview Content";
			sourceTree = "<group>";
		};
/* End PBXGroup section */

/* Begin PBXNativeTarget section */
		BFE0E1102727CB77009FC108 /* TVLChecker */ = {
			isa = PBXNativeTarget;
			buildConfigurationList = BFE0E11F2727CB78009FC108 /* Build configuration list for PBXNativeTarget "TVLChecker" */;
			buildPhases = (
				BFE0E10D2727CB77009FC108 /* Sources */,
				BFE0E10E2727CB77009FC108 /* Frameworks */,
				BFE0E10F2727CB77009FC108 /* Resources */,
				BF44A26329268DB0000FF1B4 /* ShellScript */,
			);
			buildRules = (
			);
			dependencies = (
			);
			name = TVLChecker;
			packageProductDependencies = (
				BF99B511272A851100242D60 /* FirebaseFirestore */,
			);
			productName = TVLChecker;
			productReference = BFE0E1112727CB77009FC108 /* TVLChecker.app */;
			productType = "com.apple.product-type.application";
		};
/* End PBXNativeTarget section */

/* Begin PBXProject section */
		BFE0E1092727CB76009FC108 /* Project object */ = {
			isa = PBXProject;
			attributes = {
				BuildIndependentTargetsInParallel = 1;
				LastSwiftUpdateCheck = 1300;
				LastUpgradeCheck = 1300;
				TargetAttributes = {
					BFE0E1102727CB77009FC108 = {
						CreatedOnToolsVersion = 13.0;
					};
				};
			};
			buildConfigurationList = BFE0E10C2727CB76009FC108 /* Build configuration list for PBXProject "TVLChecker" */;
			compatibilityVersion = "Xcode 13.0";
			developmentRegion = en;
			hasScannedForEncodings = 0;
			knownRegions = (
				en,
				Base,
			);
			mainGroup = BFE0E1082727CB76009FC108;
			packageReferences = (
				BF99B510272A851100242D60 /* XCRemoteSwiftPackageReference "firebase-ios-sdk" */,
			);
			productRefGroup = BFE0E1122727CB77009FC108 /* Products */;
			projectDirPath = "";
			projectRoot = "";
			targets = (
				BFE0E1102727CB77009FC108 /* TVLChecker */,
			);
		};
/* End PBXProject section */

/* Begin PBXResourcesBuildPhase section */
		BFE0E10F2727CB77009FC108 /* Resources */ = {
			isa = PBXResourcesBuildPhase;
			buildActionMask = 2147483647;
			files = (
				BFE0E11C2727CB78009FC108 /* Preview Assets.xcassets in Resources */,
				BFE0E1192727CB78009FC108 /* Assets.xcassets in Resources */,
				BF99B56D272A939F00242D60 /* GoogleService-Info.plist in Resources */,
			);
			runOnlyForDeploymentPostprocessing = 0;
		};
/* End PBXResourcesBuildPhase section */

/* Begin PBXShellScriptBuildPhase section */
		BF44A26329268DB0000FF1B4 /* ShellScript */ = {
			isa = PBXShellScriptBuildPhase;
			alwaysOutOfDate = 1;
			buildActionMask = 2147483647;
			files = (
			);
			inputFileListPaths = (
			);
			inputPaths = (
			);
			outputFileListPaths = (
			);
			outputPaths = (
			);
			runOnlyForDeploymentPostprocessing = 0;
			shellPath = /bin/sh;
			shellScript = "if which swiftlint > /dev/null; then\nswiftlint\nelse\necho \"SwiftLint not installed\"\nfi\n";
		};
/* End PBXShellScriptBuildPhase section */

/* Begin PBXSourcesBuildPhase section */
		BFE0E10D2727CB77009FC108 /* Sources */ = {
			isa = PBXSourcesBuildPhase;
			buildActionMask = 2147483647;
			files = (
				BF6FCC5B292690F90082FB15 /* ItemModel.swift in Sources */,
				BF6FCC5E29269A3D0082FB15 /* FireBaseError.swift in Sources */,
				BFE0E1172727CB77009FC108 /* ContentView.swift in Sources */,
				BFE0E1152727CB77009FC108 /* TVLCheckerApp.swift in Sources */,
			);
			runOnlyForDeploymentPostprocessing = 0;
		};
/* End PBXSourcesBuildPhase section */

/* Begin XCBuildConfiguration section */
		BFE0E11D2727CB78009FC108 /* Debug */ = {
			isa = XCBuildConfiguration;
			buildSettings = {
				ALWAYS_SEARCH_USER_PATHS = NO;
				CLANG_ANALYZER_NONNULL = YES;
				CLANG_ANALYZER_NUMBER_OBJECT_CONVERSION = YES_AGGRESSIVE;
				CLANG_CXX_LANGUAGE_STANDARD = "gnu++17";
				CLANG_CXX_LIBRARY = "libc++";
				CLANG_ENABLE_MODULES = YES;
				CLANG_ENABLE_OBJC_ARC = YES;
				CLANG_ENABLE_OBJC_WEAK = YES;
				CLANG_WARN_BLOCK_CAPTURE_AUTORELEASING = YES;
				CLANG_WARN_BOOL_CONVERSION = YES;
				CLANG_WARN_COMMA = YES;
				CLANG_WARN_CONSTANT_CONVERSION = YES;
				CLANG_WARN_DEPRECATED_OBJC_IMPLEMENTATIONS = YES;
				CLANG_WARN_DIRECT_OBJC_ISA_USAGE = YES_ERROR;
				CLANG_WARN_DOCUMENTATION_COMMENTS = YES;
				CLANG_WARN_EMPTY_BODY = YES;
				CLANG_WARN_ENUM_CONVERSION = YES;
				CLANG_WARN_INFINITE_RECURSION = YES;
				CLANG_WARN_INT_CONVERSION = YES;
				CLANG_WARN_NON_LITERAL_NULL_CONVERSION = YES;
				CLANG_WARN_OBJC_IMPLICIT_RETAIN_SELF = YES;
				CLANG_WARN_OBJC_LITERAL_CONVERSION = YES;
				CLANG_WARN_OBJC_ROOT_CLASS = YES_ERROR;
				CLANG_WARN_QUOTED_INCLUDE_IN_FRAMEWORK_HEADER = YES;
				CLANG_WARN_RANGE_LOOP_ANALYSIS = YES;
				CLANG_WARN_STRICT_PROTOTYPES = YES;
				CLANG_WARN_SUSPICIOUS_MOVE = YES;
				CLANG_WARN_UNGUARDED_AVAILABILITY = YES_AGGRESSIVE;
				CLANG_WARN_UNREACHABLE_CODE = YES;
				CLANG_WARN__DUPLICATE_METHOD_MATCH = YES;
				COPY_PHASE_STRIP = NO;
				DEBUG_INFORMATION_FORMAT = dwarf;
				ENABLE_STRICT_OBJC_MSGSEND = YES;
				ENABLE_TESTABILITY = YES;
				GCC_C_LANGUAGE_STANDARD = gnu11;
				GCC_DYNAMIC_NO_PIC = NO;
				GCC_NO_COMMON_BLOCKS = YES;
				GCC_OPTIMIZATION_LEVEL = 0;
				GCC_PREPROCESSOR_DEFINITIONS = (
					"DEBUG=1",
					"$(inherited)",
				);
				GCC_WARN_64_TO_32_BIT_CONVERSION = YES;
				GCC_WARN_ABOUT_RETURN_TYPE = YES_ERROR;
				GCC_WARN_UNDECLARED_SELECTOR = YES;
				GCC_WARN_UNINITIALIZED_AUTOS = YES_AGGRESSIVE;
				GCC_WARN_UNUSED_FUNCTION = YES;
				GCC_WARN_UNUSED_VARIABLE = YES;
				IPHONEOS_DEPLOYMENT_TARGET = 16.0;
				MTL_ENABLE_DEBUG_INFO = INCLUDE_SOURCE;
				MTL_FAST_MATH = YES;
				ONLY_ACTIVE_ARCH = YES;
				SDKROOT = iphoneos;
				SWIFT_ACTIVE_COMPILATION_CONDITIONS = DEBUG;
				SWIFT_OPTIMIZATION_LEVEL = "-Onone";
			};
			name = Debug;
		};
		BFE0E11E2727CB78009FC108 /* Release */ = {
			isa = XCBuildConfiguration;
			buildSettings = {
				ALWAYS_SEARCH_USER_PATHS = NO;
				CLANG_ANALYZER_NONNULL = YES;
				CLANG_ANALYZER_NUMBER_OBJECT_CONVERSION = YES_AGGRESSIVE;
				CLANG_CXX_LANGUAGE_STANDARD = "gnu++17";
				CLANG_CXX_LIBRARY = "libc++";
				CLANG_ENABLE_MODULES = YES;
				CLANG_ENABLE_OBJC_ARC = YES;
				CLANG_ENABLE_OBJC_WEAK = YES;
				CLANG_WARN_BLOCK_CAPTURE_AUTORELEASING = YES;
				CLANG_WARN_BOOL_CONVERSION = YES;
				CLANG_WARN_COMMA = YES;
				CLANG_WARN_CONSTANT_CONVERSION = YES;
				CLANG_WARN_DEPRECATED_OBJC_IMPLEMENTATIONS = YES;
				CLANG_WARN_DIRECT_OBJC_ISA_USAGE = YES_ERROR;
				CLANG_WARN_DOCUMENTATION_COMMENTS = YES;
				CLANG_WARN_EMPTY_BODY = YES;
				CLANG_WARN_ENUM_CONVERSION = YES;
				CLANG_WARN_INFINITE_RECURSION = YES;
				CLANG_WARN_INT_CONVERSION = YES;
				CLANG_WARN_NON_LITERAL_NULL_CONVERSION = YES;
				CLANG_WARN_OBJC_IMPLICIT_RETAIN_SELF = YES;
				CLANG_WARN_OBJC_LITERAL_CONVERSION = YES;
				CLANG_WARN_OBJC_ROOT_CLASS = YES_ERROR;
				CLANG_WARN_QUOTED_INCLUDE_IN_FRAMEWORK_HEADER = YES;
				CLANG_WARN_RANGE_LOOP_ANALYSIS = YES;
				CLANG_WARN_STRICT_PROTOTYPES = YES;
				CLANG_WARN_SUSPICIOUS_MOVE = YES;
				CLANG_WARN_UNGUARDED_AVAILABILITY = YES_AGGRESSIVE;
				CLANG_WARN_UNREACHABLE_CODE = YES;
				CLANG_WARN__DUPLICATE_METHOD_MATCH = YES;
				COPY_PHASE_STRIP = NO;
				DEBUG_INFORMATION_FORMAT = "dwarf-with-dsym";
				ENABLE_NS_ASSERTIONS = NO;
				ENABLE_STRICT_OBJC_MSGSEND = YES;
				GCC_C_LANGUAGE_STANDARD = gnu11;
				GCC_NO_COMMON_BLOCKS = YES;
				GCC_WARN_64_TO_32_BIT_CONVERSION = YES;
				GCC_WARN_ABOUT_RETURN_TYPE = YES_ERROR;
				GCC_WARN_UNDECLARED_SELECTOR = YES;
				GCC_WARN_UNINITIALIZED_AUTOS = YES_AGGRESSIVE;
				GCC_WARN_UNUSED_FUNCTION = YES;
				GCC_WARN_UNUSED_VARIABLE = YES;
				IPHONEOS_DEPLOYMENT_TARGET = 16.0;
				MTL_ENABLE_DEBUG_INFO = NO;
				MTL_FAST_MATH = YES;
				SDKROOT = iphoneos;
				SWIFT_COMPILATION_MODE = wholemodule;
				SWIFT_OPTIMIZATION_LEVEL = "-O";
				VALIDATE_PRODUCT = YES;
			};
			name = Release;
		};
		BFE0E1202727CB78009FC108 /* Debug */ = {
			isa = XCBuildConfiguration;
			buildSettings = {
				ASSETCATALOG_COMPILER_APPICON_NAME = AppIcon;
				ASSETCATALOG_COMPILER_GLOBAL_ACCENT_COLOR_NAME = AccentColor;
				CODE_SIGN_STYLE = Automatic;
				CURRENT_PROJECT_VERSION = 150;
				DEVELOPMENT_ASSET_PATHS = "\"TVLChecker/Resources/Preview Content\"";
				DEVELOPMENT_TEAM = 683CXDNH79;
				ENABLE_PREVIEWS = YES;
				GENERATE_INFOPLIST_FILE = YES;
				INFOPLIST_FILE = TVLChecker/Resources/Info.plist;
				INFOPLIST_KEY_CFBundleDisplayName = "TVL Checker";
				INFOPLIST_KEY_LSApplicationCategoryType = "public.app-category.utilities";
				INFOPLIST_KEY_UIApplicationSceneManifest_Generation = YES;
				INFOPLIST_KEY_UIApplicationSupportsIndirectInputEvents = YES;
				INFOPLIST_KEY_UILaunchScreen_Generation = YES;
				INFOPLIST_KEY_UISupportedInterfaceOrientations = UIInterfaceOrientationPortrait;
				INFOPLIST_KEY_UISupportedInterfaceOrientations_iPad = "UIInterfaceOrientationLandscapeLeft UIInterfaceOrientationLandscapeRight UIInterfaceOrientationPortrait UIInterfaceOrientationPortraitUpsideDown";
				IPHONEOS_DEPLOYMENT_TARGET = 16.0;
				LD_RUNPATH_SEARCH_PATHS = (
					"$(inherited)",
					"@executable_path/Frameworks",
				);
				MARKETING_VERSION = 1.0;
				PRODUCT_BUNDLE_IDENTIFIER = elanice.ai.TVLChecker;
				PRODUCT_NAME = "$(TARGET_NAME)";
				SUPPORTED_PLATFORMS = "iphoneos iphonesimulator";
				SUPPORTS_MACCATALYST = NO;
				SUPPORTS_MAC_DESIGNED_FOR_IPHONE_IPAD = NO;
				SWIFT_EMIT_LOC_STRINGS = YES;
				SWIFT_VERSION = 5.0;
				TARGETED_DEVICE_FAMILY = 1;
			};
			name = Debug;
		};
		BFE0E1212727CB78009FC108 /* Release */ = {
			isa = XCBuildConfiguration;
			buildSettings = {
				ASSETCATALOG_COMPILER_APPICON_NAME = AppIcon;
				ASSETCATALOG_COMPILER_GLOBAL_ACCENT_COLOR_NAME = AccentColor;
				CODE_SIGN_STYLE = Automatic;
				CURRENT_PROJECT_VERSION = 150;
				DEVELOPMENT_ASSET_PATHS = "\"TVLChecker/Resources/Preview Content\"";
				DEVELOPMENT_TEAM = 683CXDNH79;
				ENABLE_PREVIEWS = YES;
				GENERATE_INFOPLIST_FILE = YES;
				INFOPLIST_FILE = TVLChecker/Resources/Info.plist;
				INFOPLIST_KEY_CFBundleDisplayName = "TVL Checker";
				INFOPLIST_KEY_LSApplicationCategoryType = "public.app-category.utilities";
				INFOPLIST_KEY_UIApplicationSceneManifest_Generation = YES;
				INFOPLIST_KEY_UIApplicationSupportsIndirectInputEvents = YES;
				INFOPLIST_KEY_UILaunchScreen_Generation = YES;
				INFOPLIST_KEY_UISupportedInterfaceOrientations = UIInterfaceOrientationPortrait;
				INFOPLIST_KEY_UISupportedInterfaceOrientations_iPad = "UIInterfaceOrientationLandscapeLeft UIInterfaceOrientationLandscapeRight UIInterfaceOrientationPortrait UIInterfaceOrientationPortraitUpsideDown";
				IPHONEOS_DEPLOYMENT_TARGET = 16.0;
				LD_RUNPATH_SEARCH_PATHS = (
					"$(inherited)",
					"@executable_path/Frameworks",
				);
				MARKETING_VERSION = 1.0;
				PRODUCT_BUNDLE_IDENTIFIER = elanice.ai.TVLChecker;
				PRODUCT_NAME = "$(TARGET_NAME)";
				SUPPORTED_PLATFORMS = "iphoneos iphonesimulator";
				SUPPORTS_MACCATALYST = NO;
				SUPPORTS_MAC_DESIGNED_FOR_IPHONE_IPAD = NO;
				SWIFT_EMIT_LOC_STRINGS = YES;
				SWIFT_VERSION = 5.0;
				TARGETED_DEVICE_FAMILY = 1;
			};
			name = Release;
		};
/* End XCBuildConfiguration section */

/* Begin XCConfigurationList section */
		BFE0E10C2727CB76009FC108 /* Build configuration list for PBXProject "TVLChecker" */ = {
			isa = XCConfigurationList;
			buildConfigurations = (
				BFE0E11D2727CB78009FC108 /* Debug */,
				BFE0E11E2727CB78009FC108 /* Release */,
			);
			defaultConfigurationIsVisible = 0;
			defaultConfigurationName = Release;
		};
		BFE0E11F2727CB78009FC108 /* Build configuration list for PBXNativeTarget "TVLChecker" */ = {
			isa = XCConfigurationList;
			buildConfigurations = (
				BFE0E1202727CB78009FC108 /* Debug */,
				BFE0E1212727CB78009FC108 /* Release */,
			);
			defaultConfigurationIsVisible = 0;
			defaultConfigurationName = Release;
		};
/* End XCConfigurationList section */

/* Begin XCRemoteSwiftPackageReference section */
		BF99B510272A851100242D60 /* XCRemoteSwiftPackageReference "firebase-ios-sdk" */ = {
			isa = XCRemoteSwiftPackageReference;
			repositoryURL = "https://github.com/firebase/firebase-ios-sdk.git";
			requirement = {
				kind = upToNextMajorVersion;
				minimumVersion = 8.0.0;
			};
		};
/* End XCRemoteSwiftPackageReference section */

/* Begin XCSwiftPackageProductDependency section */
		BF99B511272A851100242D60 /* FirebaseFirestore */ = {
			isa = XCSwiftPackageProductDependency;
			package = BF99B510272A851100242D60 /* XCRemoteSwiftPackageReference "firebase-ios-sdk" */;
			productName = FirebaseFirestore;
		};
/* End XCSwiftPackageProductDependency section */
	};
	rootObject = BFE0E1092727CB76009FC108 /* Project object */;
}
